<?xml version="1.0" encoding="UTF-8" standalone="yes" ?>
<CodeBlocks_project_file>
	<FileVersion major="1" minor="6" />
	<Project>
		<Option title="BandwithPlotter" />
		<Option pch_mode="2" />
		<Option compiler="mingw64" />
		<Build>
			<Target title="Debug">
				<Option output="bin/BandwithPlotter" prefix_auto="1" extension_auto="1" />
				<Option object_output="obj/Debug/" />
				<Option type="1" />
				<Option compiler="mingw64" />
				<Compiler>
					<Add option="-g" />
					<Add option="-DSFML_STATIC" />
					<Add directory="C:/Users/Spl3en/Desktop/C/BandwithPlotter/" />
				</Compiler>
			</Target>
			<Target title="Release">
				<Option output="bin/BandwithPlotter" prefix_auto="1" extension_auto="1" />
				<Option object_output="obj/Release/" />
				<Option type="1" />
				<Option compiler="mingw64" />
				<Compiler>
					<Add option="-O2" />
					<Add option="-DSFML_STATIC" />
				</Compiler>
			</Target>
		</Build>
		<Compiler>
			<Add option="-Wall" />
			<Add option="-DSFML_STATIC" />
			<Add directory="D:/Logiciels/MSYS/mingw64/include" />
			<Add directory="../" />
		</Compiler>
		<Linker>
			<Add library="csfml-window" />
			<Add library="csfml-graphics" />
			<Add library="csfml-system" />
			<Add library="curl" />
			<Add directory="D:/Logiciels/MSYS/mingw64/lib" />
		</Linker>
		<Unit filename="../BbQueue/BbQueue.c">
			<Option compilerVar="CC" />
		</Unit>
		<Unit filename="../BbQueue/BbQueue.h" />
		<Unit filename="../dbg/dbg.c">
			<Option compilerVar="CC" />
		</Unit>
		<Unit filename="../dbg/dbg.h" />
		<Unit filename="main.c">
			<Option compilerVar="CC" />
		</Unit>
		<Extensions>
			<code_completion />
			<envvars />
			<debugger />
			<lib_finder disable_auto="1" />
		</Extensions>
	</Project>
</CodeBlocks_project_file>
